
Microsoft Visual Studio Solution File, Format Version 12.00
# Visual Studio Version 17
VisualStudioVersion = 17.8.34316.72
MinimumVisualStudioVersion = 10.0.40219.1
Project("{FAE04EC0-301F-11D3-BF4B-00C04F79EFBC}") = "JComunity.Host.Web", "JComunity.Host.Web\JComunity.Host.Web.csproj", "{5FC194F6-2F26-4311-89E7-6B2305234794}"
EndProject
Global
	GlobalSection(SolutionConfigurationPlatforms) = preSolution
		Debug|Any CPU = Debug|Any CPU
		Release|Any CPU = Release|Any CPU
	EndGlobalSection
	GlobalSection(ProjectConfigurationPlatforms) = postSolution
		{5FC194F6-2F26-4311-89E7-6B2305234794}.Debug|Any CPU.ActiveCfg = Debug|Any CPU
		{5FC194F6-2F26-4311-89E7-6B2305234794}.Debug|Any CPU.Build.0 = Debug|Any CPU
		{5FC194F6-2F26-4311-89E7-6B2305234794}.Release|Any CPU.ActiveCfg = Release|Any CPU
		{5FC194F6-2F26-4311-89E7-6B2305234794}.Release|Any CPU.Build.0 = Release|Any CPU
	EndGlobalSection
	GlobalSection(SolutionProperties) = preSolution
		HideSolutionNode = FALSE
	EndGlobalSection
	GlobalSection(ExtensibilityGlobals) = postSolution
		SolutionGuid = {BB329F21-76B3-4B05-90C4-65F1E46503E8}
	EndGlobalSection
EndGlobal
