
Microsoft Visual Studio Solution File, Format Version 12.00
# Visual Studio Version 17
VisualStudioVersion = 17.8.34316.72
MinimumVisualStudioVersion = 10.0.40219.1
Project("{2150E333-8FDC-42A3-9474-1A3956D46DE8}") = "src", "src", "{A64CF951-2DB9-421F-96EC-4D2B3C4E2AC2}"
EndProject
Project("{2150E333-8FDC-42A3-9474-1A3956D46DE8}") = "Solution Items", "Solution Items", "{2F88A41D-6B71-41F4-A6D4-7F68B46438E7}"
	ProjectSection(SolutionItems) = preProject
		docker-compose.yml = docker-compose.yml
	EndProjectSection
EndProject
Project("{9A19103F-16F7-4668-BE54-9A1E7A4F7556}") = "JCommunity.Infrastructure", "src\JCommunity.Infrastructure\JCommunity.Infrastructure.csproj", "{1A3D5401-F94D-4766-955C-2BEB7550D15D}"
EndProject
Project("{2150E333-8FDC-42A3-9474-1A3956D46DE8}") = "Host", "Host", "{55554686-24EB-4D50-8840-013B0998E6AB}"
EndProject
Project("{2150E333-8FDC-42A3-9474-1A3956D46DE8}") = "Test", "Test", "{CC573DBA-EAB3-4845-A239-127D15AE532B}"
EndProject
Project("{9A19103F-16F7-4668-BE54-9A1E7A4F7556}") = "JCommunity.Test.Architecture", "src\JCommunity.Test.Architecture\JCommunity.Test.Architecture.csproj", "{9C7AB27C-4280-438A-809A-84EEF5C9ECD6}"
EndProject
Project("{9A19103F-16F7-4668-BE54-9A1E7A4F7556}") = "JCommunity.Services", "src\JCommunity.Services\JCommunity.Services.csproj", "{AF544599-D98C-4445-B169-061576B99585}"
EndProject
Project("{9A19103F-16F7-4668-BE54-9A1E7A4F7556}") = "JCommunity.AppCore", "src\JCommunity.AppCore\JCommunity.AppCore.csproj", "{9C2EF7EC-DA07-4A98-9FA8-10D4C042E0D7}"
EndProject
Project("{9A19103F-16F7-4668-BE54-9A1E7A4F7556}") = "JCommunity.Web.Host", "src\JCommunity.Web.Host\JCommunity.Web.Host.csproj", "{8F008270-6892-44BB-9384-2AF280D44F72}"
EndProject
Project("{9A19103F-16F7-4668-BE54-9A1E7A4F7556}") = "JCommunity.Test.Service", "src\JCommunity.Test.Service\JCommunity.Test.Service.csproj", "{F2671BDA-11B6-49C4-AEB1-27F33A6FA11B}"
EndProject
Project("{9A19103F-16F7-4668-BE54-9A1E7A4F7556}") = "JCommunity.Test.Core", "src\JCommunity.Test.Core\JCommunity.Test.Core.csproj", "{8EA2C401-8891-4FB0-98DE-7BC37903D161}"
EndProject
Project("{FAE04EC0-301F-11D3-BF4B-00C04F79EFBC}") = "JCommunity.Notification.Host", "src\JCommunity.Notification.Host\JCommunity.Notification.Host.csproj", "{35398D05-100F-4DD5-999F-E81D74F13599}"
EndProject
Project("{9A19103F-16F7-4668-BE54-9A1E7A4F7556}") = "JCommunity.IntergrationEvent", "src\JCommunity.IntergrationEvent\JCommunity.IntergrationEvent.csproj", "{57AD103F-2136-4ADC-AAEC-ACC60BFCB9ED}"
EndProject
Global
	GlobalSection(SolutionConfigurationPlatforms) = preSolution
		Debug|Any CPU = Debug|Any CPU
		Release|Any CPU = Release|Any CPU
	EndGlobalSection
	GlobalSection(ProjectConfigurationPlatforms) = postSolution
		{1A3D5401-F94D-4766-955C-2BEB7550D15D}.Debug|Any CPU.ActiveCfg = Debug|Any CPU
		{1A3D5401-F94D-4766-955C-2BEB7550D15D}.Debug|Any CPU.Build.0 = Debug|Any CPU
		{1A3D5401-F94D-4766-955C-2BEB7550D15D}.Release|Any CPU.ActiveCfg = Release|Any CPU
		{1A3D5401-F94D-4766-955C-2BEB7550D15D}.Release|Any CPU.Build.0 = Release|Any CPU
		{9C7AB27C-4280-438A-809A-84EEF5C9ECD6}.Debug|Any CPU.ActiveCfg = Debug|Any CPU
		{9C7AB27C-4280-438A-809A-84EEF5C9ECD6}.Debug|Any CPU.Build.0 = Debug|Any CPU
		{9C7AB27C-4280-438A-809A-84EEF5C9ECD6}.Release|Any CPU.ActiveCfg = Release|Any CPU
		{9C7AB27C-4280-438A-809A-84EEF5C9ECD6}.Release|Any CPU.Build.0 = Release|Any CPU
		{AF544599-D98C-4445-B169-061576B99585}.Debug|Any CPU.ActiveCfg = Debug|Any CPU
		{AF544599-D98C-4445-B169-061576B99585}.Debug|Any CPU.Build.0 = Debug|Any CPU
		{AF544599-D98C-4445-B169-061576B99585}.Release|Any CPU.ActiveCfg = Release|Any CPU
		{AF544599-D98C-4445-B169-061576B99585}.Release|Any CPU.Build.0 = Release|Any CPU
		{9C2EF7EC-DA07-4A98-9FA8-10D4C042E0D7}.Debug|Any CPU.ActiveCfg = Debug|Any CPU
		{9C2EF7EC-DA07-4A98-9FA8-10D4C042E0D7}.Debug|Any CPU.Build.0 = Debug|Any CPU
		{9C2EF7EC-DA07-4A98-9FA8-10D4C042E0D7}.Release|Any CPU.ActiveCfg = Release|Any CPU
		{9C2EF7EC-DA07-4A98-9FA8-10D4C042E0D7}.Release|Any CPU.Build.0 = Release|Any CPU
		{8F008270-6892-44BB-9384-2AF280D44F72}.Debug|Any CPU.ActiveCfg = Debug|Any CPU
		{8F008270-6892-44BB-9384-2AF280D44F72}.Debug|Any CPU.Build.0 = Debug|Any CPU
		{8F008270-6892-44BB-9384-2AF280D44F72}.Release|Any CPU.ActiveCfg = Release|Any CPU
		{8F008270-6892-44BB-9384-2AF280D44F72}.Release|Any CPU.Build.0 = Release|Any CPU
		{F2671BDA-11B6-49C4-AEB1-27F33A6FA11B}.Debug|Any CPU.ActiveCfg = Debug|Any CPU
		{F2671BDA-11B6-49C4-AEB1-27F33A6FA11B}.Debug|Any CPU.Build.0 = Debug|Any CPU
		{F2671BDA-11B6-49C4-AEB1-27F33A6FA11B}.Release|Any CPU.ActiveCfg = Release|Any CPU
		{F2671BDA-11B6-49C4-AEB1-27F33A6FA11B}.Release|Any CPU.Build.0 = Release|Any CPU
		{8EA2C401-8891-4FB0-98DE-7BC37903D161}.Debug|Any CPU.ActiveCfg = Debug|Any CPU
		{8EA2C401-8891-4FB0-98DE-7BC37903D161}.Debug|Any CPU.Build.0 = Debug|Any CPU
		{8EA2C401-8891-4FB0-98DE-7BC37903D161}.Release|Any CPU.ActiveCfg = Release|Any CPU
		{8EA2C401-8891-4FB0-98DE-7BC37903D161}.Release|Any CPU.Build.0 = Release|Any CPU
		{35398D05-100F-4DD5-999F-E81D74F13599}.Debug|Any CPU.ActiveCfg = Debug|Any CPU
		{35398D05-100F-4DD5-999F-E81D74F13599}.Debug|Any CPU.Build.0 = Debug|Any CPU
		{35398D05-100F-4DD5-999F-E81D74F13599}.Release|Any CPU.ActiveCfg = Release|Any CPU
		{35398D05-100F-4DD5-999F-E81D74F13599}.Release|Any CPU.Build.0 = Release|Any CPU
		{57AD103F-2136-4ADC-AAEC-ACC60BFCB9ED}.Debug|Any CPU.ActiveCfg = Debug|Any CPU
		{57AD103F-2136-4ADC-AAEC-ACC60BFCB9ED}.Debug|Any CPU.Build.0 = Debug|Any CPU
		{57AD103F-2136-4ADC-AAEC-ACC60BFCB9ED}.Release|Any CPU.ActiveCfg = Release|Any CPU
		{57AD103F-2136-4ADC-AAEC-ACC60BFCB9ED}.Release|Any CPU.Build.0 = Release|Any CPU
	EndGlobalSection
	GlobalSection(SolutionProperties) = preSolution
		HideSolutionNode = FALSE
	EndGlobalSection
	GlobalSection(NestedProjects) = preSolution
		{1A3D5401-F94D-4766-955C-2BEB7550D15D} = {A64CF951-2DB9-421F-96EC-4D2B3C4E2AC2}
		{55554686-24EB-4D50-8840-013B0998E6AB} = {A64CF951-2DB9-421F-96EC-4D2B3C4E2AC2}
		{9C7AB27C-4280-438A-809A-84EEF5C9ECD6} = {CC573DBA-EAB3-4845-A239-127D15AE532B}
		{AF544599-D98C-4445-B169-061576B99585} = {A64CF951-2DB9-421F-96EC-4D2B3C4E2AC2}
		{9C2EF7EC-DA07-4A98-9FA8-10D4C042E0D7} = {A64CF951-2DB9-421F-96EC-4D2B3C4E2AC2}
		{8F008270-6892-44BB-9384-2AF280D44F72} = {55554686-24EB-4D50-8840-013B0998E6AB}
		{F2671BDA-11B6-49C4-AEB1-27F33A6FA11B} = {CC573DBA-EAB3-4845-A239-127D15AE532B}
		{8EA2C401-8891-4FB0-98DE-7BC37903D161} = {CC573DBA-EAB3-4845-A239-127D15AE532B}
		{35398D05-100F-4DD5-999F-E81D74F13599} = {55554686-24EB-4D50-8840-013B0998E6AB}
		{57AD103F-2136-4ADC-AAEC-ACC60BFCB9ED} = {A64CF951-2DB9-421F-96EC-4D2B3C4E2AC2}
	EndGlobalSection
	GlobalSection(ExtensibilityGlobals) = postSolution
		SolutionGuid = {BB329F21-76B3-4B05-90C4-65F1E46503E8}
	EndGlobalSection
EndGlobal
